
Microsoft Visual Studio Solution File, Format Version 12.00
# Visual Studio 14
VisualStudioVersion = 14.0.24720.0
MinimumVisualStudioVersion = 10.0.40219.1
Project("{FAE04EC0-301F-11D3-BF4B-00C04F79EFBC}") = "Gibbed.JustCause3.FileFormats", "Gibbed.JustCause3.FileFormats\Gibbed.JustCause3.FileFormats.csproj", "{159F8BBE-9207-423F-9A4B-85748BA09D84}"
EndProject
Project("{FAE04EC0-301F-11D3-BF4B-00C04F79EFBC}") = "NDesk.Options", "NDesk.Options\NDesk.Options.csproj", "{C98A6CD6-9422-4B35-8B7A-F520D75534D1}"
EndProject
Project("{FAE04EC0-301F-11D3-BF4B-00C04F79EFBC}") = "Gibbed.ProjectData", "Gibbed.ProjectData\Gibbed.ProjectData.csproj", "{F27A289E-3376-4653-89F3-D19C1ECABF33}"
EndProject
Project("{FAE04EC0-301F-11D3-BF4B-00C04F79EFBC}") = "Gibbed.IO", "Gibbed.IO\Gibbed.IO.csproj", "{047857BA-DAA3-4CA7-AFB8-A1B082B28C6A}"
EndProject
Project("{FAE04EC0-301F-11D3-BF4B-00C04F79EFBC}") = "Gibbed.JustCause3.Unpack", "Gibbed.JustCause3.Unpack\Gibbed.JustCause3.Unpack.csproj", "{6D721C39-CBE3-40B7-8D93-35E13DC2318D}"
EndProject
Project("{FAE04EC0-301F-11D3-BF4B-00C04F79EFBC}") = "RebuildFileLists", "RebuildFileLists\RebuildFileLists.csproj", "{1F5BF5D5-035B-4DBD-8678-B318491DD3D6}"
EndProject
Project("{2150E333-8FDC-42A3-9474-1A3956D46DE8}") = "Misc", "Misc", "{03FF2DC3-7B36-4F90-AF28-3E0266A42BF5}"
EndProject
Project("{FAE04EC0-301F-11D3-BF4B-00C04F79EFBC}") = "Gibbed.JustCause3.PropertyFormats", "Gibbed.JustCause3.PropertyFormats\Gibbed.JustCause3.PropertyFormats.csproj", "{60B0FBA2-0906-40CD-A0CA-315AC71560BF}"
EndProject
Project("{FAE04EC0-301F-11D3-BF4B-00C04F79EFBC}") = "Gibbed.JustCause3.ConvertProperty", "Gibbed.JustCause3.ConvertProperty\Gibbed.JustCause3.ConvertProperty.csproj", "{149BB3DB-C1E4-4238-8F03-554B5E5F3673}"
EndProject
Project("{FAE04EC0-301F-11D3-BF4B-00C04F79EFBC}") = "Gibbed.JustCause3.SmallUnpack", "Gibbed.JustCause3.SmallUnpack\Gibbed.JustCause3.SmallUnpack.csproj", "{23578ED4-A4F0-4CEA-980B-E446AE73632D}"
EndProject
Project("{FAE04EC0-301F-11D3-BF4B-00C04F79EFBC}") = "Gibbed.JustCause3.ConvertAdf", "Gibbed.JustCause3.ConvertAdf\Gibbed.JustCause3.ConvertAdf.csproj", "{759673C0-6274-4F89-A243-3C7154E7FD2E}"
EndProject
Project("{2150E333-8FDC-42A3-9474-1A3956D46DE8}") = "Game", "Game", "{A12DA55C-2B9D-4899-A6A1-C039AC86FE1C}"
EndProject
Project("{2150E333-8FDC-42A3-9474-1A3956D46DE8}") = "Archives", "Archives", "{DF538025-8695-438B-9FB4-DC7BEDE3583A}"
EndProject
Project("{2150E333-8FDC-42A3-9474-1A3956D46DE8}") = "Converters", "Converters", "{7C6246FC-C5A0-4639-A1A9-BD8B351C96DC}"
EndProject
Project("{2150E333-8FDC-42A3-9474-1A3956D46DE8}") = "Misc", "Misc", "{1547643A-B9B9-4B14-98AC-764F4AC63DAD}"
EndProject
Project("{FAE04EC0-301F-11D3-BF4B-00C04F79EFBC}") = "Gibbed.JustCause3.SmallPack", "Gibbed.JustCause3.SmallPack\Gibbed.JustCause3.SmallPack.csproj", "{7FEEB0A4-0F6C-409B-9A46-2859C5F2F99C}"
EndProject
Project("{FAE04EC0-301F-11D3-BF4B-00C04F79EFBC}") = "Gibbed.JustCause3.Uncompress", "Gibbed.JustCause3.Uncompress\Gibbed.JustCause3.Uncompress.csproj", "{EA2BEF10-ED66-4203-BD3E-BF282F0A2486}"
EndProject
Project("{2150E333-8FDC-42A3-9474-1A3956D46DE8}") = "ADF", "ADF", "{C39C15D0-18C6-4046-9FFA-4FEE4A59B773}"
EndProject
Project("{FAE04EC0-301F-11D3-BF4B-00C04F79EFBC}") = "Gibbed.JustCause3.ConvertTexture", "Gibbed.JustCause3.ConvertTexture\Gibbed.JustCause3.ConvertTexture.csproj", "{7CD1E972-CB2E-4851-A476-F793F590185D}"
EndProject
Project("{FAE04EC0-301F-11D3-BF4B-00C04F79EFBC}") = "Gibbed.Squish", "Gibbed.Squish\Gibbed.Squish.csproj", "{242D0738-AA4C-4C9C-A218-891A8F55559C}"
EndProject
Project("{2150E333-8FDC-42A3-9474-1A3956D46DE8}") = ".nuget", ".nuget", "{F16BCE0B-2E90-4124-8C64-F21763D3D26C}"
	ProjectSection(SolutionItems) = preProject
		.nuget\NuGet.Config = .nuget\NuGet.Config
		.nuget\NuGet.exe = .nuget\NuGet.exe
		.nuget\NuGet.targets = .nuget\NuGet.targets
	EndProjectSection
EndProject
Project("{FAE04EC0-301F-11D3-BF4B-00C04F79EFBC}") = "GenerateFileName", "GenerateFileName\GenerateFileName.csproj", "{B5899393-73CA-47B2-B77D-826D465A07E9}"
EndProject
Project("{FAE04EC0-301F-11D3-BF4B-00C04F79EFBC}") = "GenerateNameList", "GenerateNameList\GenerateNameList.csproj", "{48E7E7E7-613A-488F-B829-505C6B520288}"
EndProject
Project("{FAE04EC0-301F-11D3-BF4B-00C04F79EFBC}") = "HashName", "HashName\HashName.csproj", "{A5AAF821-E587-45DA-8E33-672CF90BE986}"
EndProject
Project("{FAE04EC0-301F-11D3-BF4B-00C04F79EFBC}") = "Gibbed.JustCause3.Pack", "Pack\Gibbed.JustCause3.Pack.csproj", "{23CD8B5E-F9B7-44FB-B4B8-B3F4B0EA43FB}"
EndProject
Project("{FAE04EC0-301F-11D3-BF4B-00C04F79EFBC}") = "SkyFortressPacker", "SkyFortressPacker\SkyFortressPacker.csproj", "{EF51ACFE-521E-49C4-BD2A-B0C781F584C3}"
EndProject
Project("{FAE04EC0-301F-11D3-BF4B-00C04F79EFBC}") = "Batch", "Batch\Batch.csproj", "{8DE531E7-46C9-4C03-A5CB-D825C5224F95}"
EndProject
Project("{FAE04EC0-301F-11D3-BF4B-00C04F79EFBC}") = "RecurseBatchAndPack", "RecurseBatchAndPack\RecurseBatchAndPack.csproj", "{C8A9183E-1DF9-408A-92BA-B4134D6C202C}"
EndProject
Project("{FAE04EC0-301F-11D3-BF4B-00C04F79EFBC}") = "Gibbed.JustCause3.ConvertStringLookup", "Gibbed.JustCause3.ConvertStringLookup\Gibbed.JustCause3.ConvertStringLookup.csproj", "{44591102-46F3-4BAD-B01C-03A6874D1998}"
EndProject
Project("{FAE04EC0-301F-11D3-BF4B-00C04F79EFBC}") = "Gibbed.JustCause3.RenderBlockModel", "Gibbed.JustCause3.RenderBlockModel\Gibbed.JustCause3.RenderBlockModel.csproj", "{E37FBAD0-E98D-402B-84B5-177EF66F3290}"
EndProject
Global
	GlobalSection(SolutionConfigurationPlatforms) = preSolution
		Debug|x86 = Debug|x86
		Release|x86 = Release|x86
	EndGlobalSection
	GlobalSection(ProjectConfigurationPlatforms) = postSolution
		{159F8BBE-9207-423F-9A4B-85748BA09D84}.Debug|x86.ActiveCfg = Debug|x86
		{159F8BBE-9207-423F-9A4B-85748BA09D84}.Debug|x86.Build.0 = Debug|x86
		{159F8BBE-9207-423F-9A4B-85748BA09D84}.Release|x86.ActiveCfg = Release|x86
		{159F8BBE-9207-423F-9A4B-85748BA09D84}.Release|x86.Build.0 = Release|x86
		{C98A6CD6-9422-4B35-8B7A-F520D75534D1}.Debug|x86.ActiveCfg = Debug|x86
		{C98A6CD6-9422-4B35-8B7A-F520D75534D1}.Debug|x86.Build.0 = Debug|x86
		{C98A6CD6-9422-4B35-8B7A-F520D75534D1}.Release|x86.ActiveCfg = Release|x86
		{C98A6CD6-9422-4B35-8B7A-F520D75534D1}.Release|x86.Build.0 = Release|x86
		{F27A289E-3376-4653-89F3-D19C1ECABF33}.Debug|x86.ActiveCfg = Debug|x86
		{F27A289E-3376-4653-89F3-D19C1ECABF33}.Debug|x86.Build.0 = Debug|x86
		{F27A289E-3376-4653-89F3-D19C1ECABF33}.Release|x86.ActiveCfg = Release|x86
		{F27A289E-3376-4653-89F3-D19C1ECABF33}.Release|x86.Build.0 = Release|x86
		{047857BA-DAA3-4CA7-AFB8-A1B082B28C6A}.Debug|x86.ActiveCfg = Debug|x86
		{047857BA-DAA3-4CA7-AFB8-A1B082B28C6A}.Debug|x86.Build.0 = Debug|x86
		{047857BA-DAA3-4CA7-AFB8-A1B082B28C6A}.Release|x86.ActiveCfg = Release|x86
		{047857BA-DAA3-4CA7-AFB8-A1B082B28C6A}.Release|x86.Build.0 = Release|x86
		{6D721C39-CBE3-40B7-8D93-35E13DC2318D}.Debug|x86.ActiveCfg = Debug|x86
		{6D721C39-CBE3-40B7-8D93-35E13DC2318D}.Debug|x86.Build.0 = Debug|x86
		{6D721C39-CBE3-40B7-8D93-35E13DC2318D}.Release|x86.ActiveCfg = Release|x86
		{6D721C39-CBE3-40B7-8D93-35E13DC2318D}.Release|x86.Build.0 = Release|x86
		{1F5BF5D5-035B-4DBD-8678-B318491DD3D6}.Debug|x86.ActiveCfg = Debug|x86
		{1F5BF5D5-035B-4DBD-8678-B318491DD3D6}.Debug|x86.Build.0 = Debug|x86
		{1F5BF5D5-035B-4DBD-8678-B318491DD3D6}.Release|x86.ActiveCfg = Release|x86
		{1F5BF5D5-035B-4DBD-8678-B318491DD3D6}.Release|x86.Build.0 = Release|x86
		{60B0FBA2-0906-40CD-A0CA-315AC71560BF}.Debug|x86.ActiveCfg = Debug|x86
		{60B0FBA2-0906-40CD-A0CA-315AC71560BF}.Debug|x86.Build.0 = Debug|x86
		{60B0FBA2-0906-40CD-A0CA-315AC71560BF}.Release|x86.ActiveCfg = Release|x86
		{60B0FBA2-0906-40CD-A0CA-315AC71560BF}.Release|x86.Build.0 = Release|x86
		{149BB3DB-C1E4-4238-8F03-554B5E5F3673}.Debug|x86.ActiveCfg = Debug|x86
		{149BB3DB-C1E4-4238-8F03-554B5E5F3673}.Debug|x86.Build.0 = Debug|x86
		{149BB3DB-C1E4-4238-8F03-554B5E5F3673}.Release|x86.ActiveCfg = Release|x86
		{149BB3DB-C1E4-4238-8F03-554B5E5F3673}.Release|x86.Build.0 = Release|x86
		{23578ED4-A4F0-4CEA-980B-E446AE73632D}.Debug|x86.ActiveCfg = Debug|x86
		{23578ED4-A4F0-4CEA-980B-E446AE73632D}.Debug|x86.Build.0 = Debug|x86
		{23578ED4-A4F0-4CEA-980B-E446AE73632D}.Release|x86.ActiveCfg = Release|x86
		{23578ED4-A4F0-4CEA-980B-E446AE73632D}.Release|x86.Build.0 = Release|x86
		{759673C0-6274-4F89-A243-3C7154E7FD2E}.Debug|x86.ActiveCfg = Debug|x86
		{759673C0-6274-4F89-A243-3C7154E7FD2E}.Debug|x86.Build.0 = Debug|x86
		{759673C0-6274-4F89-A243-3C7154E7FD2E}.Release|x86.ActiveCfg = Release|x86
		{759673C0-6274-4F89-A243-3C7154E7FD2E}.Release|x86.Build.0 = Release|x86
		{7FEEB0A4-0F6C-409B-9A46-2859C5F2F99C}.Debug|x86.ActiveCfg = Debug|x86
		{7FEEB0A4-0F6C-409B-9A46-2859C5F2F99C}.Debug|x86.Build.0 = Debug|x86
		{7FEEB0A4-0F6C-409B-9A46-2859C5F2F99C}.Release|x86.ActiveCfg = Release|x86
		{7FEEB0A4-0F6C-409B-9A46-2859C5F2F99C}.Release|x86.Build.0 = Release|x86
		{EA2BEF10-ED66-4203-BD3E-BF282F0A2486}.Debug|x86.ActiveCfg = Debug|x86
		{EA2BEF10-ED66-4203-BD3E-BF282F0A2486}.Debug|x86.Build.0 = Debug|x86
		{EA2BEF10-ED66-4203-BD3E-BF282F0A2486}.Release|x86.ActiveCfg = Release|x86
		{EA2BEF10-ED66-4203-BD3E-BF282F0A2486}.Release|x86.Build.0 = Release|x86
		{7CD1E972-CB2E-4851-A476-F793F590185D}.Debug|x86.ActiveCfg = Debug|x86
		{7CD1E972-CB2E-4851-A476-F793F590185D}.Debug|x86.Build.0 = Debug|x86
		{7CD1E972-CB2E-4851-A476-F793F590185D}.Release|x86.ActiveCfg = Release|x86
		{7CD1E972-CB2E-4851-A476-F793F590185D}.Release|x86.Build.0 = Release|x86
		{242D0738-AA4C-4C9C-A218-891A8F55559C}.Debug|x86.ActiveCfg = Debug|x86
		{242D0738-AA4C-4C9C-A218-891A8F55559C}.Debug|x86.Build.0 = Debug|x86
		{242D0738-AA4C-4C9C-A218-891A8F55559C}.Release|x86.ActiveCfg = Release|x86
		{242D0738-AA4C-4C9C-A218-891A8F55559C}.Release|x86.Build.0 = Release|x86
		{B5899393-73CA-47B2-B77D-826D465A07E9}.Debug|x86.ActiveCfg = Debug|x86
		{B5899393-73CA-47B2-B77D-826D465A07E9}.Debug|x86.Build.0 = Debug|x86
		{B5899393-73CA-47B2-B77D-826D465A07E9}.Release|x86.ActiveCfg = Release|x86
		{B5899393-73CA-47B2-B77D-826D465A07E9}.Release|x86.Build.0 = Release|x86
		{48E7E7E7-613A-488F-B829-505C6B520288}.Debug|x86.ActiveCfg = Debug|x86
		{48E7E7E7-613A-488F-B829-505C6B520288}.Debug|x86.Build.0 = Debug|x86
		{48E7E7E7-613A-488F-B829-505C6B520288}.Release|x86.ActiveCfg = Release|x86
		{48E7E7E7-613A-488F-B829-505C6B520288}.Release|x86.Build.0 = Release|x86
		{A5AAF821-E587-45DA-8E33-672CF90BE986}.Debug|x86.ActiveCfg = Debug|x86
		{A5AAF821-E587-45DA-8E33-672CF90BE986}.Debug|x86.Build.0 = Debug|x86
		{A5AAF821-E587-45DA-8E33-672CF90BE986}.Release|x86.ActiveCfg = Release|x86
		{A5AAF821-E587-45DA-8E33-672CF90BE986}.Release|x86.Build.0 = Release|x86
		{23CD8B5E-F9B7-44FB-B4B8-B3F4B0EA43FB}.Debug|x86.ActiveCfg = Debug|x86
		{23CD8B5E-F9B7-44FB-B4B8-B3F4B0EA43FB}.Debug|x86.Build.0 = Debug|x86
		{23CD8B5E-F9B7-44FB-B4B8-B3F4B0EA43FB}.Release|x86.ActiveCfg = Release|x86
		{23CD8B5E-F9B7-44FB-B4B8-B3F4B0EA43FB}.Release|x86.Build.0 = Release|x86
		{EF51ACFE-521E-49C4-BD2A-B0C781F584C3}.Debug|x86.ActiveCfg = Debug|x86
		{EF51ACFE-521E-49C4-BD2A-B0C781F584C3}.Debug|x86.Build.0 = Debug|x86
		{EF51ACFE-521E-49C4-BD2A-B0C781F584C3}.Release|x86.ActiveCfg = Release|x86
		{EF51ACFE-521E-49C4-BD2A-B0C781F584C3}.Release|x86.Build.0 = Release|x86
		{8DE531E7-46C9-4C03-A5CB-D825C5224F95}.Debug|x86.ActiveCfg = Debug|x86
		{8DE531E7-46C9-4C03-A5CB-D825C5224F95}.Debug|x86.Build.0 = Debug|x86
		{8DE531E7-46C9-4C03-A5CB-D825C5224F95}.Release|x86.ActiveCfg = Release|x86
		{8DE531E7-46C9-4C03-A5CB-D825C5224F95}.Release|x86.Build.0 = Release|x86
		{C8A9183E-1DF9-408A-92BA-B4134D6C202C}.Debug|x86.ActiveCfg = Debug|x86
		{C8A9183E-1DF9-408A-92BA-B4134D6C202C}.Debug|x86.Build.0 = Debug|x86
		{C8A9183E-1DF9-408A-92BA-B4134D6C202C}.Release|x86.ActiveCfg = Release|x86
		{C8A9183E-1DF9-408A-92BA-B4134D6C202C}.Release|x86.Build.0 = Release|x86
		{44591102-46F3-4BAD-B01C-03A6874D1998}.Debug|x86.ActiveCfg = Debug|x86
		{44591102-46F3-4BAD-B01C-03A6874D1998}.Debug|x86.Build.0 = Debug|x86
		{44591102-46F3-4BAD-B01C-03A6874D1998}.Release|x86.ActiveCfg = Release|x86
		{44591102-46F3-4BAD-B01C-03A6874D1998}.Release|x86.Build.0 = Release|x86
		{E37FBAD0-E98D-402B-84B5-177EF66F3290}.Debug|x86.ActiveCfg = Debug|x86
		{E37FBAD0-E98D-402B-84B5-177EF66F3290}.Debug|x86.Build.0 = Debug|x86
		{E37FBAD0-E98D-402B-84B5-177EF66F3290}.Release|x86.ActiveCfg = Release|x86
		{E37FBAD0-E98D-402B-84B5-177EF66F3290}.Release|x86.Build.0 = Release|x86
	EndGlobalSection
	GlobalSection(SolutionProperties) = preSolution
		HideSolutionNode = FALSE
	EndGlobalSection
	GlobalSection(NestedProjects) = preSolution
		{159F8BBE-9207-423F-9A4B-85748BA09D84} = {A12DA55C-2B9D-4899-A6A1-C039AC86FE1C}
		{C98A6CD6-9422-4B35-8B7A-F520D75534D1} = {03FF2DC3-7B36-4F90-AF28-3E0266A42BF5}
		{F27A289E-3376-4653-89F3-D19C1ECABF33} = {03FF2DC3-7B36-4F90-AF28-3E0266A42BF5}
		{047857BA-DAA3-4CA7-AFB8-A1B082B28C6A} = {03FF2DC3-7B36-4F90-AF28-3E0266A42BF5}
		{6D721C39-CBE3-40B7-8D93-35E13DC2318D} = {DF538025-8695-438B-9FB4-DC7BEDE3583A}
		{1F5BF5D5-035B-4DBD-8678-B318491DD3D6} = {1547643A-B9B9-4B14-98AC-764F4AC63DAD}
		{60B0FBA2-0906-40CD-A0CA-315AC71560BF} = {A12DA55C-2B9D-4899-A6A1-C039AC86FE1C}
		{149BB3DB-C1E4-4238-8F03-554B5E5F3673} = {7C6246FC-C5A0-4639-A1A9-BD8B351C96DC}
		{23578ED4-A4F0-4CEA-980B-E446AE73632D} = {DF538025-8695-438B-9FB4-DC7BEDE3583A}
		{759673C0-6274-4F89-A243-3C7154E7FD2E} = {7C6246FC-C5A0-4639-A1A9-BD8B351C96DC}
		{DF538025-8695-438B-9FB4-DC7BEDE3583A} = {A12DA55C-2B9D-4899-A6A1-C039AC86FE1C}
		{7C6246FC-C5A0-4639-A1A9-BD8B351C96DC} = {A12DA55C-2B9D-4899-A6A1-C039AC86FE1C}
		{1547643A-B9B9-4B14-98AC-764F4AC63DAD} = {A12DA55C-2B9D-4899-A6A1-C039AC86FE1C}
		{7FEEB0A4-0F6C-409B-9A46-2859C5F2F99C} = {DF538025-8695-438B-9FB4-DC7BEDE3583A}
		{EA2BEF10-ED66-4203-BD3E-BF282F0A2486} = {DF538025-8695-438B-9FB4-DC7BEDE3583A}
		{C39C15D0-18C6-4046-9FFA-4FEE4A59B773} = {7C6246FC-C5A0-4639-A1A9-BD8B351C96DC}
		{7CD1E972-CB2E-4851-A476-F793F590185D} = {7C6246FC-C5A0-4639-A1A9-BD8B351C96DC}
		{242D0738-AA4C-4C9C-A218-891A8F55559C} = {1547643A-B9B9-4B14-98AC-764F4AC63DAD}
		{B5899393-73CA-47B2-B77D-826D465A07E9} = {1547643A-B9B9-4B14-98AC-764F4AC63DAD}
		{48E7E7E7-613A-488F-B829-505C6B520288} = {1547643A-B9B9-4B14-98AC-764F4AC63DAD}
		{A5AAF821-E587-45DA-8E33-672CF90BE986} = {1547643A-B9B9-4B14-98AC-764F4AC63DAD}
		{23CD8B5E-F9B7-44FB-B4B8-B3F4B0EA43FB} = {DF538025-8695-438B-9FB4-DC7BEDE3583A}
		{EF51ACFE-521E-49C4-BD2A-B0C781F584C3} = {1547643A-B9B9-4B14-98AC-764F4AC63DAD}
		{8DE531E7-46C9-4C03-A5CB-D825C5224F95} = {1547643A-B9B9-4B14-98AC-764F4AC63DAD}
		{C8A9183E-1DF9-408A-92BA-B4134D6C202C} = {1547643A-B9B9-4B14-98AC-764F4AC63DAD}
		{44591102-46F3-4BAD-B01C-03A6874D1998} = {C39C15D0-18C6-4046-9FFA-4FEE4A59B773}
		{E37FBAD0-E98D-402B-84B5-177EF66F3290} = {A12DA55C-2B9D-4899-A6A1-C039AC86FE1C}
	EndGlobalSection
EndGlobal
